
Microsoft Visual Studio Solution File, Format Version 12.00
# Visual Studio 15
VisualStudioVersion = 15.0.28010.2048
MinimumVisualStudioVersion = 10.0.40219.1
Project("{FAE04EC0-301F-11D3-BF4B-00C04F79EFBC}") = "AliyunDomainAnalysis", "AliyunDomainAnalysis\AliyunDomainAnalysis.csproj", "{3B43D405-6391-492D-8766-C599E59ECD88}"
EndProject
Project("{FAE04EC0-301F-11D3-BF4B-00C04F79EFBC}") = "aliyun-net-sdk-core.vs2010", "aliyun-net-sdk-core\aliyun-net-sdk-core.vs2010.csproj", "{BB84CECB-295D-4772-A669-3726E511CCFA}"
EndProject
Project("{FAE04EC0-301F-11D3-BF4B-00C04F79EFBC}") = "aliyun-net-sdk-alidns.vs2010", "aliyun-net-sdk-alidns\aliyun-net-sdk-alidns.vs2010.csproj", "{4C688CBB-A022-40C7-BF23-1C8BA9B4F3E0}"
EndProject
Global
	GlobalSection(SolutionConfigurationPlatforms) = preSolution
		Debug|Any CPU = Debug|Any CPU
		Release|Any CPU = Release|Any CPU
	EndGlobalSection
	GlobalSection(ProjectConfigurationPlatforms) = postSolution
		{3B43D405-6391-492D-8766-C599E59ECD88}.Debug|Any CPU.ActiveCfg = Debug|Any CPU
		{3B43D405-6391-492D-8766-C599E59ECD88}.Debug|Any CPU.Build.0 = Debug|Any CPU
		{3B43D405-6391-492D-8766-C599E59ECD88}.Release|Any CPU.ActiveCfg = Release|Any CPU
		{3B43D405-6391-492D-8766-C599E59ECD88}.Release|Any CPU.Build.0 = Release|Any CPU
		{BB84CECB-295D-4772-A669-3726E511CCFA}.Debug|Any CPU.ActiveCfg = Debug|Any CPU
		{BB84CECB-295D-4772-A669-3726E511CCFA}.Debug|Any CPU.Build.0 = Debug|Any CPU
		{BB84CECB-295D-4772-A669-3726E511CCFA}.Release|Any CPU.ActiveCfg = Release|Any CPU
		{BB84CECB-295D-4772-A669-3726E511CCFA}.Release|Any CPU.Build.0 = Release|Any CPU
		{4C688CBB-A022-40C7-BF23-1C8BA9B4F3E0}.Debug|Any CPU.ActiveCfg = Debug|Any CPU
		{4C688CBB-A022-40C7-BF23-1C8BA9B4F3E0}.Debug|Any CPU.Build.0 = Debug|Any CPU
		{4C688CBB-A022-40C7-BF23-1C8BA9B4F3E0}.Release|Any CPU.ActiveCfg = Release|Any CPU
		{4C688CBB-A022-40C7-BF23-1C8BA9B4F3E0}.Release|Any CPU.Build.0 = Release|Any CPU
	EndGlobalSection
	GlobalSection(SolutionProperties) = preSolution
		HideSolutionNode = FALSE
	EndGlobalSection
	GlobalSection(ExtensibilityGlobals) = postSolution
		SolutionGuid = {A3B920BE-9ED0-4051-BB0A-E4FD68CE422E}
	EndGlobalSection
EndGlobal
